// !$*UTF8*$!
{
	archiveVersion = 1;
	classes = {
	};
	objectVersion = 51;
	objects = {

/* Begin PBXBuildFile section */
		2F0131C522F0C00F0059A32F /* RepoViewCell.swift in Sources */ = {isa = PBXBuildFile; fileRef = 2F0131C422F0C00F0059A32F /* RepoViewCell.swift */; };
		2F0131C722F13B530059A32F /* RepoDetailViewController.swift in Sources */ = {isa = PBXBuildFile; fileRef = 2F0131C622F13B530059A32F /* RepoDetailViewController.swift */; };
		2F0131C922F140A30059A32F /* RepoDetailViewCell.swift in Sources */ = {isa = PBXBuildFile; fileRef = 2F0131C822F140A30059A32F /* RepoDetailViewCell.swift */; };
		2F0131CB22F1E8E40059A32F /* RepoContributorViewCell.swift in Sources */ = {isa = PBXBuildFile; fileRef = 2F0131CA22F1E8E40059A32F /* RepoContributorViewCell.swift */; };
		2F0131CD22F1E99E0059A32F /* RepoContributorCollectionView.swift in Sources */ = {isa = PBXBuildFile; fileRef = 2F0131CC22F1E99E0059A32F /* RepoContributorCollectionView.swift */; };
		2F0131CF22F1E9B80059A32F /* BaseCollectionViewController.swift in Sources */ = {isa = PBXBuildFile; fileRef = 2F0131CE22F1E9B80059A32F /* BaseCollectionViewController.swift */; };
		2F0131D122F1F0890059A32F /* ContributorCell.swift in Sources */ = {isa = PBXBuildFile; fileRef = 2F0131D022F1F0890059A32F /* ContributorCell.swift */; };
		2F0131D322F1F2AA0059A32F /* RepoContributor.swift in Sources */ = {isa = PBXBuildFile; fileRef = 2F0131D222F1F2AA0059A32F /* RepoContributor.swift */; };
		2F0131D522F20DA10059A32F /* ContributorDetailViewController.swift in Sources */ = {isa = PBXBuildFile; fileRef = 2F0131D422F20DA10059A32F /* ContributorDetailViewController.swift */; };
		2F0131D722F2130C0059A32F /* ContributorRepoCell.swift in Sources */ = {isa = PBXBuildFile; fileRef = 2F0131D622F2130C0059A32F /* ContributorRepoCell.swift */; };
		2F0131D922F217480059A32F /* ContributorInfoView.swift in Sources */ = {isa = PBXBuildFile; fileRef = 2F0131D822F217480059A32F /* ContributorInfoView.swift */; };
		2F0131DB22F29B0E0059A32F /* RepoWebViewController.swift in Sources */ = {isa = PBXBuildFile; fileRef = 2F0131DA22F29B0E0059A32F /* RepoWebViewController.swift */; };
		2F629BB422F0A279009BF9DF /* AppDelegate.swift in Sources */ = {isa = PBXBuildFile; fileRef = 2F629BB322F0A279009BF9DF /* AppDelegate.swift */; };
		2F629BB622F0A279009BF9DF /* ViewController.swift in Sources */ = {isa = PBXBuildFile; fileRef = 2F629BB522F0A279009BF9DF /* ViewController.swift */; };
		2F629BB922F0A279009BF9DF /* Main.storyboard in Resources */ = {isa = PBXBuildFile; fileRef = 2F629BB722F0A279009BF9DF /* Main.storyboard */; };
		2F629BBB22F0A27C009BF9DF /* Assets.xcassets in Resources */ = {isa = PBXBuildFile; fileRef = 2F629BBA22F0A27C009BF9DF /* Assets.xcassets */; };
		2F629BBE22F0A27C009BF9DF /* LaunchScreen.storyboard in Resources */ = {isa = PBXBuildFile; fileRef = 2F629BBC22F0A27C009BF9DF /* LaunchScreen.storyboard */; };
		2F629BC622F0A2C5009BF9DF /* RepoSearchViewController.swift in Sources */ = {isa = PBXBuildFile; fileRef = 2F629BC522F0A2C5009BF9DF /* RepoSearchViewController.swift */; };
		2F629BCA22F0A40D009BF9DF /* UIView+Layout.swift in Sources */ = {isa = PBXBuildFile; fileRef = 2F629BC922F0A40D009BF9DF /* UIView+Layout.swift */; };
		2F629BCD22F0ACC4009BF9DF /* GitHubRepo.swift in Sources */ = {isa = PBXBuildFile; fileRef = 2F629BCC22F0ACC4009BF9DF /* GitHubRepo.swift */; };
		2F629BD022F0AE42009BF9DF /* APIServices.swift in Sources */ = {isa = PBXBuildFile; fileRef = 2F629BCF22F0AE42009BF9DF /* APIServices.swift */; };
		2F629BD222F0BA26009BF9DF /* SearchResult.swift in Sources */ = {isa = PBXBuildFile; fileRef = 2F629BD122F0BA26009BF9DF /* SearchResult.swift */; };
		2F629BD722F0BE04009BF9DF /* Extensions.swift in Sources */ = {isa = PBXBuildFile; fileRef = 2F629BD622F0BE04009BF9DF /* Extensions.swift */; };
		DB84D8E077196ED2CFBDA200 /* Pods_Github_Search_App.framework in Frameworks */ = {isa = PBXBuildFile; fileRef = F1B24B13A9299522935CFF68 /* Pods_Github_Search_App.framework */; };
/* End PBXBuildFile section */

/* Begin PBXFileReference section */
		12E58F68A1314D2517438DBA /* Pods-Github-Search-App.debug.xcconfig */ = {isa = PBXFileReference; includeInIndex = 1; lastKnownFileType = text.xcconfig; name = "Pods-Github-Search-App.debug.xcconfig"; path = "Target Support Files/Pods-Github-Search-App/Pods-Github-Search-App.debug.xcconfig"; sourceTree = "<group>"; };
		2F0131C422F0C00F0059A32F /* RepoViewCell.swift */ = {isa = PBXFileReference; lastKnownFileType = sourcecode.swift; path = RepoViewCell.swift; sourceTree = "<group>"; };
		2F0131C622F13B530059A32F /* RepoDetailViewController.swift */ = {isa = PBXFileReference; lastKnownFileType = sourcecode.swift; path = RepoDetailViewController.swift; sourceTree = "<group>"; };
		2F0131C822F140A30059A32F /* RepoDetailViewCell.swift */ = {isa = PBXFileReference; lastKnownFileType = sourcecode.swift; path = RepoDetailViewCell.swift; sourceTree = "<group>"; };
		2F0131CA22F1E8E40059A32F /* RepoContributorViewCell.swift */ = {isa = PBXFileReference; lastKnownFileType = sourcecode.swift; path = RepoContributorViewCell.swift; sourceTree = "<group>"; };
		2F0131CC22F1E99E0059A32F /* RepoContributorCollectionView.swift */ = {isa = PBXFileReference; lastKnownFileType = sourcecode.swift; path = RepoContributorCollectionView.swift; sourceTree = "<group>"; };
		2F0131CE22F1E9B80059A32F /* BaseCollectionViewController.swift */ = {isa = PBXFileReference; lastKnownFileType = sourcecode.swift; path = BaseCollectionViewController.swift; sourceTree = "<group>"; };
		2F0131D022F1F0890059A32F /* ContributorCell.swift */ = {isa = PBXFileReference; lastKnownFileType = sourcecode.swift; path = ContributorCell.swift; sourceTree = "<group>"; };
		2F0131D222F1F2AA0059A32F /* RepoContributor.swift */ = {isa = PBXFileReference; lastKnownFileType = sourcecode.swift; path = RepoContributor.swift; sourceTree = "<group>"; };
		2F0131D422F20DA10059A32F /* ContributorDetailViewController.swift */ = {isa = PBXFileReference; lastKnownFileType = sourcecode.swift; path = ContributorDetailViewController.swift; sourceTree = "<group>"; };
		2F0131D622F2130C0059A32F /* ContributorRepoCell.swift */ = {isa = PBXFileReference; lastKnownFileType = sourcecode.swift; path = ContributorRepoCell.swift; sourceTree = "<group>"; };
		2F0131D822F217480059A32F /* ContributorInfoView.swift */ = {isa = PBXFileReference; lastKnownFileType = sourcecode.swift; path = ContributorInfoView.swift; sourceTree = "<group>"; };
		2F0131DA22F29B0E0059A32F /* RepoWebViewController.swift */ = {isa = PBXFileReference; lastKnownFileType = sourcecode.swift; path = RepoWebViewController.swift; sourceTree = "<group>"; };
		2F629BB022F0A279009BF9DF /* Github-Search-App.app */ = {isa = PBXFileReference; explicitFileType = wrapper.application; includeInIndex = 0; path = "Github-Search-App.app"; sourceTree = BUILT_PRODUCTS_DIR; };
		2F629BB322F0A279009BF9DF /* AppDelegate.swift */ = {isa = PBXFileReference; lastKnownFileType = sourcecode.swift; path = AppDelegate.swift; sourceTree = "<group>"; };
		2F629BB522F0A279009BF9DF /* ViewController.swift */ = {isa = PBXFileReference; lastKnownFileType = sourcecode.swift; path = ViewController.swift; sourceTree = "<group>"; };
		2F629BB822F0A279009BF9DF /* Base */ = {isa = PBXFileReference; lastKnownFileType = file.storyboard; name = Base; path = Base.lproj/Main.storyboard; sourceTree = "<group>"; };
		2F629BBA22F0A27C009BF9DF /* Assets.xcassets */ = {isa = PBXFileReference; lastKnownFileType = folder.assetcatalog; path = Assets.xcassets; sourceTree = "<group>"; };
		2F629BBD22F0A27C009BF9DF /* Base */ = {isa = PBXFileReference; lastKnownFileType = file.storyboard; name = Base; path = Base.lproj/LaunchScreen.storyboard; sourceTree = "<group>"; };
		2F629BBF22F0A27C009BF9DF /* Info.plist */ = {isa = PBXFileReference; lastKnownFileType = text.plist.xml; path = Info.plist; sourceTree = "<group>"; };
		2F629BC522F0A2C5009BF9DF /* RepoSearchViewController.swift */ = {isa = PBXFileReference; lastKnownFileType = sourcecode.swift; path = RepoSearchViewController.swift; sourceTree = "<group>"; };
		2F629BC922F0A40D009BF9DF /* UIView+Layout.swift */ = {isa = PBXFileReference; lastKnownFileType = sourcecode.swift; path = "UIView+Layout.swift"; sourceTree = "<group>"; };
		2F629BCC22F0ACC4009BF9DF /* GitHubRepo.swift */ = {isa = PBXFileReference; lastKnownFileType = sourcecode.swift; path = GitHubRepo.swift; sourceTree = "<group>"; };
		2F629BCF22F0AE42009BF9DF /* APIServices.swift */ = {isa = PBXFileReference; lastKnownFileType = sourcecode.swift; path = APIServices.swift; sourceTree = "<group>"; };
		2F629BD122F0BA26009BF9DF /* SearchResult.swift */ = {isa = PBXFileReference; lastKnownFileType = sourcecode.swift; path = SearchResult.swift; sourceTree = "<group>"; };
		2F629BD622F0BE04009BF9DF /* Extensions.swift */ = {isa = PBXFileReference; lastKnownFileType = sourcecode.swift; path = Extensions.swift; sourceTree = "<group>"; };
		B18D3CA4A8E98A67A0054789 /* Pods-Github-Search-App.release.xcconfig */ = {isa = PBXFileReference; includeInIndex = 1; lastKnownFileType = text.xcconfig; name = "Pods-Github-Search-App.release.xcconfig"; path = "Target Support Files/Pods-Github-Search-App/Pods-Github-Search-App.release.xcconfig"; sourceTree = "<group>"; };
		F1B24B13A9299522935CFF68 /* Pods_Github_Search_App.framework */ = {isa = PBXFileReference; explicitFileType = wrapper.framework; includeInIndex = 0; path = Pods_Github_Search_App.framework; sourceTree = BUILT_PRODUCTS_DIR; };
/* End PBXFileReference section */

/* Begin PBXFrameworksBuildPhase section */
		2F629BAD22F0A279009BF9DF /* Frameworks */ = {
			isa = PBXFrameworksBuildPhase;
			buildActionMask = 2147483647;
			files = (
				DB84D8E077196ED2CFBDA200 /* Pods_Github_Search_App.framework in Frameworks */,
			);
			runOnlyForDeploymentPostprocessing = 0;
		};
/* End PBXFrameworksBuildPhase section */

/* Begin PBXGroup section */
		20A02BD6B856FBCCB20DB652 /* Pods */ = {
			isa = PBXGroup;
			children = (
				12E58F68A1314D2517438DBA /* Pods-Github-Search-App.debug.xcconfig */,
				B18D3CA4A8E98A67A0054789 /* Pods-Github-Search-App.release.xcconfig */,
			);
			path = Pods;
			sourceTree = "<group>";
		};
		2F629BA722F0A279009BF9DF = {
			isa = PBXGroup;
			children = (
				2F629BB222F0A279009BF9DF /* Github-Search-App */,
				2F629BB122F0A279009BF9DF /* Products */,
				20A02BD6B856FBCCB20DB652 /* Pods */,
				B71C7892C510C5822D2290C3 /* Frameworks */,
			);
			sourceTree = "<group>";
		};
		2F629BB122F0A279009BF9DF /* Products */ = {
			isa = PBXGroup;
			children = (
				2F629BB022F0A279009BF9DF /* Github-Search-App.app */,
			);
			name = Products;
			sourceTree = "<group>";
		};
		2F629BB222F0A279009BF9DF /* Github-Search-App */ = {
			isa = PBXGroup;
			children = (
				2F629BD322F0BB80009BF9DF /* Views */,
				2F629BCE22F0AE32009BF9DF /* API */,
				2F629BCB22F0ACAC009BF9DF /* Model */,
				2F629BC822F0A3E9009BF9DF /* Helpers */,
				2F629BC722F0A2CE009BF9DF /* Controllers */,
				2F629BB322F0A279009BF9DF /* AppDelegate.swift */,
				2F629BB522F0A279009BF9DF /* ViewController.swift */,
				2F629BB722F0A279009BF9DF /* Main.storyboard */,
				2F629BBA22F0A27C009BF9DF /* Assets.xcassets */,
				2F629BBC22F0A27C009BF9DF /* LaunchScreen.storyboard */,
				2F629BBF22F0A27C009BF9DF /* Info.plist */,
			);
			path = "Github-Search-App";
			sourceTree = "<group>";
		};
		2F629BC722F0A2CE009BF9DF /* Controllers */ = {
			isa = PBXGroup;
			children = (
				2F629BC522F0A2C5009BF9DF /* RepoSearchViewController.swift */,
				2F0131C622F13B530059A32F /* RepoDetailViewController.swift */,
				2F0131CC22F1E99E0059A32F /* RepoContributorCollectionView.swift */,
				2F0131CE22F1E9B80059A32F /* BaseCollectionViewController.swift */,
				2F0131D422F20DA10059A32F /* ContributorDetailViewController.swift */,
				2F0131DA22F29B0E0059A32F /* RepoWebViewController.swift */,
			);
			path = Controllers;
			sourceTree = "<group>";
		};
		2F629BC822F0A3E9009BF9DF /* Helpers */ = {
			isa = PBXGroup;
			children = (
				2F629BC922F0A40D009BF9DF /* UIView+Layout.swift */,
				2F629BD622F0BE04009BF9DF /* Extensions.swift */,
			);
			path = Helpers;
			sourceTree = "<group>";
		};
		2F629BCB22F0ACAC009BF9DF /* Model */ = {
			isa = PBXGroup;
			children = (
				2F629BCC22F0ACC4009BF9DF /* GitHubRepo.swift */,
				2F629BD122F0BA26009BF9DF /* SearchResult.swift */,
				2F0131D222F1F2AA0059A32F /* RepoContributor.swift */,
			);
			path = Model;
			sourceTree = "<group>";
		};
		2F629BCE22F0AE32009BF9DF /* API */ = {
			isa = PBXGroup;
			children = (
				2F629BCF22F0AE42009BF9DF /* APIServices.swift */,
			);
			path = API;
			sourceTree = "<group>";
		};
		2F629BD322F0BB80009BF9DF /* Views */ = {
			isa = PBXGroup;
			children = (
				2F0131C422F0C00F0059A32F /* RepoViewCell.swift */,
				2F0131C822F140A30059A32F /* RepoDetailViewCell.swift */,
				2F0131CA22F1E8E40059A32F /* RepoContributorViewCell.swift */,
				2F0131D022F1F0890059A32F /* ContributorCell.swift */,
				2F0131D622F2130C0059A32F /* ContributorRepoCell.swift */,
				2F0131D822F217480059A32F /* ContributorInfoView.swift */,
			);
			path = Views;
			sourceTree = "<group>";
		};
		B71C7892C510C5822D2290C3 /* Frameworks */ = {
			isa = PBXGroup;
			children = (
				F1B24B13A9299522935CFF68 /* Pods_Github_Search_App.framework */,
			);
			name = Frameworks;
			sourceTree = "<group>";
		};
/* End PBXGroup section */

/* Begin PBXNativeTarget section */
		2F629BAF22F0A279009BF9DF /* Github-Search-App */ = {
			isa = PBXNativeTarget;
			buildConfigurationList = 2F629BC222F0A27C009BF9DF /* Build configuration list for PBXNativeTarget "Github-Search-App" */;
			buildPhases = (
				DA1D92EB2720DC14DB5D31DB /* [CP] Check Pods Manifest.lock */,
				2F629BAC22F0A279009BF9DF /* Sources */,
				2F629BAD22F0A279009BF9DF /* Frameworks */,
				2F629BAE22F0A279009BF9DF /* Resources */,
				CA23E359102E923BDDD2FB0A /* [CP] Embed Pods Frameworks */,
			);
			buildRules = (
			);
			dependencies = (
			);
			name = "Github-Search-App";
			productName = "Github-Search-App";
			productReference = 2F629BB022F0A279009BF9DF /* Github-Search-App.app */;
			productType = "com.apple.product-type.application";
		};
/* End PBXNativeTarget section */

/* Begin PBXProject section */
		2F629BA822F0A279009BF9DF /* Project object */ = {
			isa = PBXProject;
			attributes = {
				LastSwiftUpdateCheck = 1030;
				LastUpgradeCheck = 1030;
				ORGANIZATIONNAME = "sanket kumar";
				TargetAttributes = {
					2F629BAF22F0A279009BF9DF = {
						CreatedOnToolsVersion = 10.3;
					};
				};
			};
			buildConfigurationList = 2F629BAB22F0A279009BF9DF /* Build configuration list for PBXProject "Github-Search-App" */;
			compatibilityVersion = "Xcode 9.3";
			developmentRegion = en;
			hasScannedForEncodings = 0;
			knownRegions = (
				en,
				Base,
			);
			mainGroup = 2F629BA722F0A279009BF9DF;
			productRefGroup = 2F629BB122F0A279009BF9DF /* Products */;
			projectDirPath = "";
			projectRoot = "";
			targets = (
				2F629BAF22F0A279009BF9DF /* Github-Search-App */,
			);
		};
/* End PBXProject section */

/* Begin PBXResourcesBuildPhase section */
		2F629BAE22F0A279009BF9DF /* Resources */ = {
			isa = PBXResourcesBuildPhase;
			buildActionMask = 2147483647;
			files = (
				2F629BBE22F0A27C009BF9DF /* LaunchScreen.storyboard in Resources */,
				2F629BBB22F0A27C009BF9DF /* Assets.xcassets in Resources */,
				2F629BB922F0A279009BF9DF /* Main.storyboard in Resources */,
			);
			runOnlyForDeploymentPostprocessing = 0;
		};
/* End PBXResourcesBuildPhase section */

/* Begin PBXShellScriptBuildPhase section */
		CA23E359102E923BDDD2FB0A /* [CP] Embed Pods Frameworks */ = {
			isa = PBXShellScriptBuildPhase;
			buildActionMask = 2147483647;
			files = (
			);
			inputFileListPaths = (
				"${PODS_ROOT}/Target Support Files/Pods-Github-Search-App/Pods-Github-Search-App-frameworks-${CONFIGURATION}-input-files.xcfilelist",
			);
			name = "[CP] Embed Pods Frameworks";
			outputFileListPaths = (
				"${PODS_ROOT}/Target Support Files/Pods-Github-Search-App/Pods-Github-Search-App-frameworks-${CONFIGURATION}-output-files.xcfilelist",
			);
			runOnlyForDeploymentPostprocessing = 0;
			shellPath = /bin/sh;
			shellScript = "\"${PODS_ROOT}/Target Support Files/Pods-Github-Search-App/Pods-Github-Search-App-frameworks.sh\"\n";
			showEnvVarsInLog = 0;
		};
		DA1D92EB2720DC14DB5D31DB /* [CP] Check Pods Manifest.lock */ = {
			isa = PBXShellScriptBuildPhase;
			buildActionMask = 2147483647;
			files = (
			);
			inputFileListPaths = (
			);
			inputPaths = (
				"${PODS_PODFILE_DIR_PATH}/Podfile.lock",
				"${PODS_ROOT}/Manifest.lock",
			);
			name = "[CP] Check Pods Manifest.lock";
			outputFileListPaths = (
			);
			outputPaths = (
				"$(DERIVED_FILE_DIR)/Pods-Github-Search-App-checkManifestLockResult.txt",
			);
			runOnlyForDeploymentPostprocessing = 0;
			shellPath = /bin/sh;
			shellScript = "diff \"${PODS_PODFILE_DIR_PATH}/Podfile.lock\" \"${PODS_ROOT}/Manifest.lock\" > /dev/null\nif [ $? != 0 ] ; then\n    # print error to STDERR\n    echo \"error: The sandbox is not in sync with the Podfile.lock. Run 'pod install' or update your CocoaPods installation.\" >&2\n    exit 1\nfi\n# This output is used by Xcode 'outputs' to avoid re-running this script phase.\necho \"SUCCESS\" > \"${SCRIPT_OUTPUT_FILE_0}\"\n";
			showEnvVarsInLog = 0;
		};
/* End PBXShellScriptBuildPhase section */

/* Begin PBXSourcesBuildPhase section */
		2F629BAC22F0A279009BF9DF /* Sources */ = {
			isa = PBXSourcesBuildPhase;
			buildActionMask = 2147483647;
			files = (
				2F0131C522F0C00F0059A32F /* RepoViewCell.swift in Sources */,
				2F0131D722F2130C0059A32F /* ContributorRepoCell.swift in Sources */,
				2F0131D322F1F2AA0059A32F /* RepoContributor.swift in Sources */,
				2F629BCA22F0A40D009BF9DF /* UIView+Layout.swift in Sources */,
				2F0131C922F140A30059A32F /* RepoDetailViewCell.swift in Sources */,
				2F0131D522F20DA10059A32F /* ContributorDetailViewController.swift in Sources */,
				2F629BD722F0BE04009BF9DF /* Extensions.swift in Sources */,
				2F0131CF22F1E9B80059A32F /* BaseCollectionViewController.swift in Sources */,
				2F629BD222F0BA26009BF9DF /* SearchResult.swift in Sources */,
				2F629BB622F0A279009BF9DF /* ViewController.swift in Sources */,
				2F629BD022F0AE42009BF9DF /* APIServices.swift in Sources */,
				2F0131D922F217480059A32F /* ContributorInfoView.swift in Sources */,
				2F0131CD22F1E99E0059A32F /* RepoContributorCollectionView.swift in Sources */,
				2F629BC622F0A2C5009BF9DF /* RepoSearchViewController.swift in Sources */,
				2F0131CB22F1E8E40059A32F /* RepoContributorViewCell.swift in Sources */,
				2F0131D122F1F0890059A32F /* ContributorCell.swift in Sources */,
				2F0131C722F13B530059A32F /* RepoDetailViewController.swift in Sources */,
				2F0131DB22F29B0E0059A32F /* RepoWebViewController.swift in Sources */,
				2F629BCD22F0ACC4009BF9DF /* GitHubRepo.swift in Sources */,
				2F629BB422F0A279009BF9DF /* AppDelegate.swift in Sources */,
			);
			runOnlyForDeploymentPostprocessing = 0;
		};
/* End PBXSourcesBuildPhase section */

/* Begin PBXVariantGroup section */
		2F629BB722F0A279009BF9DF /* Main.storyboard */ = {
			isa = PBXVariantGroup;
			children = (
				2F629BB822F0A279009BF9DF /* Base */,
			);
			name = Main.storyboard;
			sourceTree = "<group>";
		};
		2F629BBC22F0A27C009BF9DF /* LaunchScreen.storyboard */ = {
			isa = PBXVariantGroup;
			children = (
				2F629BBD22F0A27C009BF9DF /* Base */,
			);
			name = LaunchScreen.storyboard;
			sourceTree = "<group>";
		};
/* End PBXVariantGroup section */

/* Begin XCBuildConfiguration section */
		2F629BC022F0A27C009BF9DF /* Debug */ = {
			isa = XCBuildConfiguration;
			buildSettings = {
				ALWAYS_SEARCH_USER_PATHS = NO;
				CLANG_ANALYZER_NONNULL = YES;
				CLANG_ANALYZER_NUMBER_OBJECT_CONVERSION = YES_AGGRESSIVE;
				CLANG_CXX_LANGUAGE_STANDARD = "gnu++14";
				CLANG_CXX_LIBRARY = "libc++";
				CLANG_ENABLE_MODULES = YES;
				CLANG_ENABLE_OBJC_ARC = YES;
				CLANG_ENABLE_OBJC_WEAK = YES;
				CLANG_WARN_BLOCK_CAPTURE_AUTORELEASING = YES;
				CLANG_WARN_BOOL_CONVERSION = YES;
				CLANG_WARN_COMMA = YES;
				CLANG_WARN_CONSTANT_CONVERSION = YES;
				CLANG_WARN_DEPRECATED_OBJC_IMPLEMENTATIONS = YES;
				CLANG_WARN_DIRECT_OBJC_ISA_USAGE = YES_ERROR;
				CLANG_WARN_DOCUMENTATION_COMMENTS = YES;
				CLANG_WARN_EMPTY_BODY = YES;
				CLANG_WARN_ENUM_CONVERSION = YES;
				CLANG_WARN_INFINITE_RECURSION = YES;
				CLANG_WARN_INT_CONVERSION = YES;
				CLANG_WARN_NON_LITERAL_NULL_CONVERSION = YES;
				CLANG_WARN_OBJC_IMPLICIT_RETAIN_SELF = YES;
				CLANG_WARN_OBJC_LITERAL_CONVERSION = YES;
				CLANG_WARN_OBJC_ROOT_CLASS = YES_ERROR;
				CLANG_WARN_RANGE_LOOP_ANALYSIS = YES;
				CLANG_WARN_STRICT_PROTOTYPES = YES;
				CLANG_WARN_SUSPICIOUS_MOVE = YES;
				CLANG_WARN_UNGUARDED_AVAILABILITY = YES_AGGRESSIVE;
				CLANG_WARN_UNREACHABLE_CODE = YES;
				CLANG_WARN__DUPLICATE_METHOD_MATCH = YES;
				CODE_SIGN_IDENTITY = "iPhone Developer";
				COPY_PHASE_STRIP = NO;
				DEBUG_INFORMATION_FORMAT = dwarf;
				ENABLE_STRICT_OBJC_MSGSEND = YES;
				ENABLE_TESTABILITY = YES;
				GCC_C_LANGUAGE_STANDARD = gnu11;
				GCC_DYNAMIC_NO_PIC = NO;
				GCC_NO_COMMON_BLOCKS = YES;
				GCC_OPTIMIZATION_LEVEL = 0;
				GCC_PREPROCESSOR_DEFINITIONS = (
					"DEBUG=1",
					"$(inherited)",
				);
				GCC_WARN_64_TO_32_BIT_CONVERSION = YES;
				GCC_WARN_ABOUT_RETURN_TYPE = YES_ERROR;
				GCC_WARN_UNDECLARED_SELECTOR = YES;
				GCC_WARN_UNINITIALIZED_AUTOS = YES_AGGRESSIVE;
				GCC_WARN_UNUSED_FUNCTION = YES;
				GCC_WARN_UNUSED_VARIABLE = YES;
				IPHONEOS_DEPLOYMENT_TARGET = 12.4;
				MTL_ENABLE_DEBUG_INFO = INCLUDE_SOURCE;
				MTL_FAST_MATH = YES;
				ONLY_ACTIVE_ARCH = YES;
				SDKROOT = iphoneos;
				SWIFT_ACTIVE_COMPILATION_CONDITIONS = DEBUG;
				SWIFT_OPTIMIZATION_LEVEL = "-Onone";
			};
			name = Debug;
		};
		2F629BC122F0A27C009BF9DF /* Release */ = {
			isa = XCBuildConfiguration;
			buildSettings = {
				ALWAYS_SEARCH_USER_PATHS = NO;
				CLANG_ANALYZER_NONNULL = YES;
				CLANG_ANALYZER_NUMBER_OBJECT_CONVERSION = YES_AGGRESSIVE;
				CLANG_CXX_LANGUAGE_STANDARD = "gnu++14";
				CLANG_CXX_LIBRARY = "libc++";
				CLANG_ENABLE_MODULES = YES;
				CLANG_ENABLE_OBJC_ARC = YES;
				CLANG_ENABLE_OBJC_WEAK = YES;
				CLANG_WARN_BLOCK_CAPTURE_AUTORELEASING = YES;
				CLANG_WARN_BOOL_CONVERSION = YES;
				CLANG_WARN_COMMA = YES;
				CLANG_WARN_CONSTANT_CONVERSION = YES;
				CLANG_WARN_DEPRECATED_OBJC_IMPLEMENTATIONS = YES;
				CLANG_WARN_DIRECT_OBJC_ISA_USAGE = YES_ERROR;
				CLANG_WARN_DOCUMENTATION_COMMENTS = YES;
				CLANG_WARN_EMPTY_BODY = YES;
				CLANG_WARN_ENUM_CONVERSION = YES;
				CLANG_WARN_INFINITE_RECURSION = YES;
				CLANG_WARN_INT_CONVERSION = YES;
				CLANG_WARN_NON_LITERAL_NULL_CONVERSION = YES;
				CLANG_WARN_OBJC_IMPLICIT_RETAIN_SELF = YES;
				CLANG_WARN_OBJC_LITERAL_CONVERSION = YES;
				CLANG_WARN_OBJC_ROOT_CLASS = YES_ERROR;
				CLANG_WARN_RANGE_LOOP_ANALYSIS = YES;
				CLANG_WARN_STRICT_PROTOTYPES = YES;
				CLANG_WARN_SUSPICIOUS_MOVE = YES;
				CLANG_WARN_UNGUARDED_AVAILABILITY = YES_AGGRESSIVE;
				CLANG_WARN_UNREACHABLE_CODE = YES;
				CLANG_WARN__DUPLICATE_METHOD_MATCH = YES;
				CODE_SIGN_IDENTITY = "iPhone Developer";
				COPY_PHASE_STRIP = NO;
				DEBUG_INFORMATION_FORMAT = "dwarf-with-dsym";
				ENABLE_NS_ASSERTIONS = NO;
				ENABLE_STRICT_OBJC_MSGSEND = YES;
				GCC_C_LANGUAGE_STANDARD = gnu11;
				GCC_NO_COMMON_BLOCKS = YES;
				GCC_WARN_64_TO_32_BIT_CONVERSION = YES;
				GCC_WARN_ABOUT_RETURN_TYPE = YES_ERROR;
				GCC_WARN_UNDECLARED_SELECTOR = YES;
				GCC_WARN_UNINITIALIZED_AUTOS = YES_AGGRESSIVE;
				GCC_WARN_UNUSED_FUNCTION = YES;
				GCC_WARN_UNUSED_VARIABLE = YES;
				IPHONEOS_DEPLOYMENT_TARGET = 12.4;
				MTL_ENABLE_DEBUG_INFO = NO;
				MTL_FAST_MATH = YES;
				SDKROOT = iphoneos;
				SWIFT_COMPILATION_MODE = wholemodule;
				SWIFT_OPTIMIZATION_LEVEL = "-O";
				VALIDATE_PRODUCT = YES;
			};
			name = Release;
		};
		2F629BC322F0A27C009BF9DF /* Debug */ = {
			isa = XCBuildConfiguration;
			baseConfigurationReference = 12E58F68A1314D2517438DBA /* Pods-Github-Search-App.debug.xcconfig */;
			buildSettings = {
				ASSETCATALOG_COMPILER_APPICON_NAME = AppIcon;
				CODE_SIGN_STYLE = Automatic;
				DEVELOPMENT_TEAM = KM6SX9V4UK;
				INFOPLIST_FILE = "Github-Search-App/Info.plist";
				LD_RUNPATH_SEARCH_PATHS = (
					"$(inherited)",
					"@executable_path/Frameworks",
				);
				PRODUCT_BUNDLE_IDENTIFIER = "com.kumarsanket.Github-Search-App";
				PRODUCT_NAME = "$(TARGET_NAME)";
				SWIFT_VERSION = 5.0;
				TARGETED_DEVICE_FAMILY = "1,2";
			};
			name = Debug;
		};
		2F629BC422F0A27C009BF9DF /* Release */ = {
			isa = XCBuildConfiguration;
			baseConfigurationReference = B18D3CA4A8E98A67A0054789 /* Pods-Github-Search-App.release.xcconfig */;
			buildSettings = {
				ASSETCATALOG_COMPILER_APPICON_NAME = AppIcon;
				CODE_SIGN_STYLE = Automatic;
				DEVELOPMENT_TEAM = KM6SX9V4UK;
				INFOPLIST_FILE = "Github-Search-App/Info.plist";
				LD_RUNPATH_SEARCH_PATHS = (
					"$(inherited)",
					"@executable_path/Frameworks",
				);
				PRODUCT_BUNDLE_IDENTIFIER = "com.kumarsanket.Github-Search-App";
				PRODUCT_NAME = "$(TARGET_NAME)";
				SWIFT_VERSION = 5.0;
				TARGETED_DEVICE_FAMILY = "1,2";
			};
			name = Release;
		};
/* End XCBuildConfiguration section */

/* Begin XCConfigurationList section */
		2F629BAB22F0A279009BF9DF /* Build configuration list for PBXProject "Github-Search-App" */ = {
			isa = XCConfigurationList;
			buildConfigurations = (
				2F629BC022F0A27C009BF9DF /* Debug */,
				2F629BC122F0A27C009BF9DF /* Release */,
			);
			defaultConfigurationIsVisible = 0;
			defaultConfigurationName = Release;
		};
		2F629BC222F0A27C009BF9DF /* Build configuration list for PBXNativeTarget "Github-Search-App" */ = {
			isa = XCConfigurationList;
			buildConfigurations = (
				2F629BC322F0A27C009BF9DF /* Debug */,
				2F629BC422F0A27C009BF9DF /* Release */,
			);
			defaultConfigurationIsVisible = 0;
			defaultConfigurationName = Release;
		};
/* End XCConfigurationList section */
	};
	rootObject = 2F629BA822F0A279009BF9DF /* Project object */;
}
